
Microsoft Visual Studio Solution File, Format Version 12.00
# Visual Studio 15
VisualStudioVersion = 15.0.28307.705
MinimumVisualStudioVersion = 10.0.40219.1
Project("{FAE04EC0-301F-11D3-BF4B-00C04F79EFBC}") = "BooksStore", "BooksStore\BooksStore.csproj", "{61AA9286-0DFD-458D-BA62-8537684B8C11}"
EndProject
Project("{FAE04EC0-301F-11D3-BF4B-00C04F79EFBC}") = "BooksStore.Services", "BooksStore.Services\BooksStore.Services.csproj", "{1F6DDC2D-9F59-4BFC-9671-BCE1B45DBBB1}"
EndProject
Global
	GlobalSection(SolutionConfigurationPlatforms) = preSolution
		Debug|Any CPU = Debug|Any CPU
		Release|Any CPU = Release|Any CPU
	EndGlobalSection
	GlobalSection(ProjectConfigurationPlatforms) = postSolution
		{61AA9286-0DFD-458D-BA62-8537684B8C11}.Debug|Any CPU.ActiveCfg = Debug|Any CPU
		{61AA9286-0DFD-458D-BA62-8537684B8C11}.Debug|Any CPU.Build.0 = Debug|Any CPU
		{61AA9286-0DFD-458D-BA62-8537684B8C11}.Release|Any CPU.ActiveCfg = Release|Any CPU
		{61AA9286-0DFD-458D-BA62-8537684B8C11}.Release|Any CPU.Build.0 = Release|Any CPU
		{1F6DDC2D-9F59-4BFC-9671-BCE1B45DBBB1}.Debug|Any CPU.ActiveCfg = Debug|Any CPU
		{1F6DDC2D-9F59-4BFC-9671-BCE1B45DBBB1}.Debug|Any CPU.Build.0 = Debug|Any CPU
		{1F6DDC2D-9F59-4BFC-9671-BCE1B45DBBB1}.Release|Any CPU.ActiveCfg = Release|Any CPU
		{1F6DDC2D-9F59-4BFC-9671-BCE1B45DBBB1}.Release|Any CPU.Build.0 = Release|Any CPU
	EndGlobalSection
	GlobalSection(SolutionProperties) = preSolution
		HideSolutionNode = FALSE
	EndGlobalSection
	GlobalSection(ExtensibilityGlobals) = postSolution
		SolutionGuid = {92CCCFA2-FC97-40CD-BB65-3A88F1454EBC}
	EndGlobalSection
EndGlobal
